
Microsoft Visual Studio Solution File, Format Version 11.00
# Visual Studio 2010
# SharpDevelop 5.1
Project("{FAE04EC0-301F-11D3-BF4B-00C04F79EFBC}") = "SpectrumAnalyzerView", "SpectrumAnalyzerMainWindow\SpectrumAnalyzerView.csproj", "{EA715DA5-98A4-431C-9829-11C76137051B}"
EndProject
Global
	GlobalSection(SolutionConfigurationPlatforms) = preSolution
		Debug|Any CPU = Debug|Any CPU
		Release|Any CPU = Release|Any CPU
	EndGlobalSection
	GlobalSection(ProjectConfigurationPlatforms) = postSolution
		{EA715DA5-98A4-431C-9829-11C76137051B}.Debug|Any CPU.ActiveCfg = Debug|Any CPU
		{EA715DA5-98A4-431C-9829-11C76137051B}.Debug|Any CPU.Build.0 = Debug|Any CPU
		{EA715DA5-98A4-431C-9829-11C76137051B}.Release|Any CPU.ActiveCfg = Release|Any CPU
		{EA715DA5-98A4-431C-9829-11C76137051B}.Release|Any CPU.Build.0 = Release|Any CPU
	EndGlobalSection
EndGlobal
